
Microsoft Visual Studio Solution File, Format Version 12.00
# Visual Studio Version 17
VisualStudioVersion = 17.4.33103.184
MinimumVisualStudioVersion = 10.0.40219.1
Project("{FAE04EC0-301F-11D3-BF4B-00C04F79EFBC}") = "Agribid_Assignment", "Agribid_Assignment\Agribid_Assignment.csproj", "{B7A9BC7E-2F27-4F69-86AE-08650AB2D69B}"
EndProject
Global
	GlobalSection(SolutionConfigurationPlatforms) = preSolution
		Debug|Any CPU = Debug|Any CPU
		Release|Any CPU = Release|Any CPU
	EndGlobalSection
	GlobalSection(ProjectConfigurationPlatforms) = postSolution
		{B7A9BC7E-2F27-4F69-86AE-08650AB2D69B}.Debug|Any CPU.ActiveCfg = Debug|Any CPU
		{B7A9BC7E-2F27-4F69-86AE-08650AB2D69B}.Debug|Any CPU.Build.0 = Debug|Any CPU
		{B7A9BC7E-2F27-4F69-86AE-08650AB2D69B}.Release|Any CPU.ActiveCfg = Release|Any CPU
		{B7A9BC7E-2F27-4F69-86AE-08650AB2D69B}.Release|Any CPU.Build.0 = Release|Any CPU
	EndGlobalSection
	GlobalSection(SolutionProperties) = preSolution
		HideSolutionNode = FALSE
	EndGlobalSection
	GlobalSection(ExtensibilityGlobals) = postSolution
		SolutionGuid = {E0450152-1303-4DE2-A50B-E304DE7155DF}
	EndGlobalSection
EndGlobal
